// !$*UTF8*$!
{
	archiveVersion = 1;
	classes = {
	};
	objectVersion = 50;
	objects = {

/* Begin PBXBuildFile section */
		77C409582211DBED0003B2DD /* AppDelegate.swift in Sources */ = {isa = PBXBuildFile; fileRef = 77C409572211DBED0003B2DD /* AppDelegate.swift */; };
		77C4095D2211DBED0003B2DD /* Main.storyboard in Resources */ = {isa = PBXBuildFile; fileRef = 77C4095B2211DBED0003B2DD /* Main.storyboard */; };
		77C4095F2211DBEE0003B2DD /* Assets.xcassets in Resources */ = {isa = PBXBuildFile; fileRef = 77C4095E2211DBEE0003B2DD /* Assets.xcassets */; };
		77C409622211DBEE0003B2DD /* LaunchScreen.storyboard in Resources */ = {isa = PBXBuildFile; fileRef = 77C409602211DBEE0003B2DD /* LaunchScreen.storyboard */; };
		77C4096A2211DE5E0003B2DD /* LoginViewController.swift in Sources */ = {isa = PBXBuildFile; fileRef = 77C409692211DE5E0003B2DD /* LoginViewController.swift */; };
		77C4096C2211DE6C0003B2DD /* SignUpViewController.swift in Sources */ = {isa = PBXBuildFile; fileRef = 77C4096B2211DE6C0003B2DD /* SignUpViewController.swift */; };
		77C4096E2211DE820003B2DD /* ItemViewController.swift in Sources */ = {isa = PBXBuildFile; fileRef = 77C4096D2211DE820003B2DD /* ItemViewController.swift */; };
		77C409702211DE930003B2DD /* AccountViewController.swift in Sources */ = {isa = PBXBuildFile; fileRef = 77C4096F2211DE930003B2DD /* AccountViewController.swift */; };
		77C409722211DEAC0003B2DD /* InventoryCollectionViewController.swift in Sources */ = {isa = PBXBuildFile; fileRef = 77C409712211DEAC0003B2DD /* InventoryCollectionViewController.swift */; };
		77C409752211FC530003B2DD /* User.swift in Sources */ = {isa = PBXBuildFile; fileRef = 77C409742211FC530003B2DD /* User.swift */; };
		77C409772211FD050003B2DD /* Item.swift in Sources */ = {isa = PBXBuildFile; fileRef = 77C409762211FD050003B2DD /* Item.swift */; };
		77C4097A2211FDCD0003B2DD /* UserController.swift in Sources */ = {isa = PBXBuildFile; fileRef = 77C409792211FDCD0003B2DD /* UserController.swift */; };
		77C4097C2211FDEA0003B2DD /* ItemController.swift in Sources */ = {isa = PBXBuildFile; fileRef = 77C4097B2211FDEA0003B2DD /* ItemController.swift */; };
		C658C79F68581FDDB5116940 /* Pods_I_ll_Serve_Soup.framework in Frameworks */ = {isa = PBXBuildFile; fileRef = CDABE3B9E64B03C840CA4A4D /* Pods_I_ll_Serve_Soup.framework */; };
/* End PBXBuildFile section */

/* Begin PBXFileReference section */
		03DFC8E90ABF9157DE7DE22D /* Pods-I'll Serve Soup.release.xcconfig */ = {isa = PBXFileReference; includeInIndex = 1; lastKnownFileType = text.xcconfig; name = "Pods-I'll Serve Soup.release.xcconfig"; path = "Target Support Files/Pods-I'll Serve Soup/Pods-I'll Serve Soup.release.xcconfig"; sourceTree = "<group>"; };
		600CC03496C6D697BAAFD391 /* Pods-I'll Serve Soup.debug.xcconfig */ = {isa = PBXFileReference; includeInIndex = 1; lastKnownFileType = text.xcconfig; name = "Pods-I'll Serve Soup.debug.xcconfig"; path = "Target Support Files/Pods-I'll Serve Soup/Pods-I'll Serve Soup.debug.xcconfig"; sourceTree = "<group>"; };
		77C409542211DBED0003B2DD /* I'll Serve Soup.app */ = {isa = PBXFileReference; explicitFileType = wrapper.application; includeInIndex = 0; path = "I'll Serve Soup.app"; sourceTree = BUILT_PRODUCTS_DIR; };
		77C409572211DBED0003B2DD /* AppDelegate.swift */ = {isa = PBXFileReference; lastKnownFileType = sourcecode.swift; path = AppDelegate.swift; sourceTree = "<group>"; };
		77C4095C2211DBED0003B2DD /* Base */ = {isa = PBXFileReference; lastKnownFileType = file.storyboard; name = Base; path = Base.lproj/Main.storyboard; sourceTree = "<group>"; };
		77C4095E2211DBEE0003B2DD /* Assets.xcassets */ = {isa = PBXFileReference; lastKnownFileType = folder.assetcatalog; path = Assets.xcassets; sourceTree = "<group>"; };
		77C409612211DBEE0003B2DD /* Base */ = {isa = PBXFileReference; lastKnownFileType = file.storyboard; name = Base; path = Base.lproj/LaunchScreen.storyboard; sourceTree = "<group>"; };
		77C409632211DBEE0003B2DD /* Info.plist */ = {isa = PBXFileReference; lastKnownFileType = text.plist.xml; path = Info.plist; sourceTree = "<group>"; };
		77C409692211DE5E0003B2DD /* LoginViewController.swift */ = {isa = PBXFileReference; lastKnownFileType = sourcecode.swift; path = LoginViewController.swift; sourceTree = "<group>"; };
		77C4096B2211DE6C0003B2DD /* SignUpViewController.swift */ = {isa = PBXFileReference; lastKnownFileType = sourcecode.swift; path = SignUpViewController.swift; sourceTree = "<group>"; };
		77C4096D2211DE820003B2DD /* ItemViewController.swift */ = {isa = PBXFileReference; lastKnownFileType = sourcecode.swift; path = ItemViewController.swift; sourceTree = "<group>"; };
		77C4096F2211DE930003B2DD /* AccountViewController.swift */ = {isa = PBXFileReference; lastKnownFileType = sourcecode.swift; path = AccountViewController.swift; sourceTree = "<group>"; };
		77C409712211DEAC0003B2DD /* InventoryCollectionViewController.swift */ = {isa = PBXFileReference; lastKnownFileType = sourcecode.swift; path = InventoryCollectionViewController.swift; sourceTree = "<group>"; };
		77C409742211FC530003B2DD /* User.swift */ = {isa = PBXFileReference; lastKnownFileType = sourcecode.swift; path = User.swift; sourceTree = "<group>"; };
		77C409762211FD050003B2DD /* Item.swift */ = {isa = PBXFileReference; lastKnownFileType = sourcecode.swift; path = Item.swift; sourceTree = "<group>"; };
		77C409792211FDCD0003B2DD /* UserController.swift */ = {isa = PBXFileReference; lastKnownFileType = sourcecode.swift; path = UserController.swift; sourceTree = "<group>"; };
		77C4097B2211FDEA0003B2DD /* ItemController.swift */ = {isa = PBXFileReference; lastKnownFileType = sourcecode.swift; path = ItemController.swift; sourceTree = "<group>"; };
		CDABE3B9E64B03C840CA4A4D /* Pods_I_ll_Serve_Soup.framework */ = {isa = PBXFileReference; explicitFileType = wrapper.framework; includeInIndex = 0; path = Pods_I_ll_Serve_Soup.framework; sourceTree = BUILT_PRODUCTS_DIR; };
/* End PBXFileReference section */

/* Begin PBXFrameworksBuildPhase section */
		77C409512211DBED0003B2DD /* Frameworks */ = {
			isa = PBXFrameworksBuildPhase;
			buildActionMask = 2147483647;
			files = (
				C658C79F68581FDDB5116940 /* Pods_I_ll_Serve_Soup.framework in Frameworks */,
			);
			runOnlyForDeploymentPostprocessing = 0;
		};
/* End PBXFrameworksBuildPhase section */

/* Begin PBXGroup section */
		00024BD9FF2C1D6D235149AB /* Frameworks */ = {
			isa = PBXGroup;
			children = (
				CDABE3B9E64B03C840CA4A4D /* Pods_I_ll_Serve_Soup.framework */,
			);
			name = Frameworks;
			sourceTree = "<group>";
		};
		77C4094B2211DBED0003B2DD = {
			isa = PBXGroup;
			children = (
				77C409562211DBED0003B2DD /* I'll Serve Soup */,
				77C409552211DBED0003B2DD /* Products */,
				F52F365914643FAC17A5D39E /* Pods */,
				00024BD9FF2C1D6D235149AB /* Frameworks */,
			);
			sourceTree = "<group>";
		};
		77C409552211DBED0003B2DD /* Products */ = {
			isa = PBXGroup;
			children = (
				77C409542211DBED0003B2DD /* I'll Serve Soup.app */,
			);
			name = Products;
			sourceTree = "<group>";
		};
		77C409562211DBED0003B2DD /* I'll Serve Soup */ = {
			isa = PBXGroup;
			children = (
				77C409572211DBED0003B2DD /* AppDelegate.swift */,
				77C4095B2211DBED0003B2DD /* Main.storyboard */,
				77C4095E2211DBEE0003B2DD /* Assets.xcassets */,
				77C409602211DBEE0003B2DD /* LaunchScreen.storyboard */,
				77C409632211DBEE0003B2DD /* Info.plist */,
				77C409732211DEBA0003B2DD /* View Controllers */,
				77C409782211FDAD0003B2DD /* Models */,
				77C4097D2211FDFB0003B2DD /* Model Controllers */,
			);
			path = "I'll Serve Soup";
			sourceTree = "<group>";
		};
		77C409732211DEBA0003B2DD /* View Controllers */ = {
			isa = PBXGroup;
			children = (
				77C409692211DE5E0003B2DD /* LoginViewController.swift */,
				77C4096B2211DE6C0003B2DD /* SignUpViewController.swift */,
				77C4096D2211DE820003B2DD /* ItemViewController.swift */,
				77C4096F2211DE930003B2DD /* AccountViewController.swift */,
				77C409712211DEAC0003B2DD /* InventoryCollectionViewController.swift */,
			);
			path = "View Controllers";
			sourceTree = "<group>";
		};
		77C409782211FDAD0003B2DD /* Models */ = {
			isa = PBXGroup;
			children = (
				77C409742211FC530003B2DD /* User.swift */,
				77C409762211FD050003B2DD /* Item.swift */,
			);
			path = Models;
			sourceTree = "<group>";
		};
		77C4097D2211FDFB0003B2DD /* Model Controllers */ = {
			isa = PBXGroup;
			children = (
				77C409792211FDCD0003B2DD /* UserController.swift */,
				77C4097B2211FDEA0003B2DD /* ItemController.swift */,
			);
			path = "Model Controllers";
			sourceTree = "<group>";
		};
		F52F365914643FAC17A5D39E /* Pods */ = {
			isa = PBXGroup;
			children = (
				600CC03496C6D697BAAFD391 /* Pods-I'll Serve Soup.debug.xcconfig */,
				03DFC8E90ABF9157DE7DE22D /* Pods-I'll Serve Soup.release.xcconfig */,
			);
			name = Pods;
			path = Pods;
			sourceTree = "<group>";
		};
/* End PBXGroup section */

/* Begin PBXNativeTarget section */
		77C409532211DBED0003B2DD /* I'll Serve Soup */ = {
			isa = PBXNativeTarget;
			buildConfigurationList = 77C409662211DBEE0003B2DD /* Build configuration list for PBXNativeTarget "I'll Serve Soup" */;
			buildPhases = (
				040FFDD86D9D42E8B32968FF /* [CP] Check Pods Manifest.lock */,
				77C409502211DBED0003B2DD /* Sources */,
				77C409512211DBED0003B2DD /* Frameworks */,
				77C409522211DBED0003B2DD /* Resources */,
				ED83F337FC2B72F7C6F6F83D /* [CP] Embed Pods Frameworks */,
			);
			buildRules = (
			);
			dependencies = (
			);
			name = "I'll Serve Soup";
			productName = "I'll Serve Soup";
			productReference = 77C409542211DBED0003B2DD /* I'll Serve Soup.app */;
			productType = "com.apple.product-type.application";
		};
/* End PBXNativeTarget section */

/* Begin PBXProject section */
		77C4094C2211DBED0003B2DD /* Project object */ = {
			isa = PBXProject;
			attributes = {
				LastSwiftUpdateCheck = 1010;
				LastUpgradeCheck = 1010;
				ORGANIZATIONNAME = "Nathanael Youngren";
				TargetAttributes = {
					77C409532211DBED0003B2DD = {
						CreatedOnToolsVersion = 10.1;
					};
				};
			};
			buildConfigurationList = 77C4094F2211DBED0003B2DD /* Build configuration list for PBXProject "I'll Serve Soup" */;
			compatibilityVersion = "Xcode 9.3";
			developmentRegion = en;
			hasScannedForEncodings = 0;
			knownRegions = (
				en,
				Base,
			);
			mainGroup = 77C4094B2211DBED0003B2DD;
			productRefGroup = 77C409552211DBED0003B2DD /* Products */;
			projectDirPath = "";
			projectRoot = "";
			targets = (
				77C409532211DBED0003B2DD /* I'll Serve Soup */,
			);
		};
/* End PBXProject section */

/* Begin PBXResourcesBuildPhase section */
		77C409522211DBED0003B2DD /* Resources */ = {
			isa = PBXResourcesBuildPhase;
			buildActionMask = 2147483647;
			files = (
				77C409622211DBEE0003B2DD /* LaunchScreen.storyboard in Resources */,
				77C4095F2211DBEE0003B2DD /* Assets.xcassets in Resources */,
				77C4095D2211DBED0003B2DD /* Main.storyboard in Resources */,
			);
			runOnlyForDeploymentPostprocessing = 0;
		};
/* End PBXResourcesBuildPhase section */

/* Begin PBXShellScriptBuildPhase section */
		040FFDD86D9D42E8B32968FF /* [CP] Check Pods Manifest.lock */ = {
			isa = PBXShellScriptBuildPhase;
			buildActionMask = 2147483647;
			files = (
			);
			inputFileListPaths = (
			);
			inputPaths = (
				"${PODS_PODFILE_DIR_PATH}/Podfile.lock",
				"${PODS_ROOT}/Manifest.lock",
			);
			name = "[CP] Check Pods Manifest.lock";
			outputFileListPaths = (
			);
			outputPaths = (
				"$(DERIVED_FILE_DIR)/Pods-I'll Serve Soup-checkManifestLockResult.txt",
			);
			runOnlyForDeploymentPostprocessing = 0;
			shellPath = /bin/sh;
			shellScript = "diff \"${PODS_PODFILE_DIR_PATH}/Podfile.lock\" \"${PODS_ROOT}/Manifest.lock\" > /dev/null\nif [ $? != 0 ] ; then\n    # print error to STDERR\n    echo \"error: The sandbox is not in sync with the Podfile.lock. Run 'pod install' or update your CocoaPods installation.\" >&2\n    exit 1\nfi\n# This output is used by Xcode 'outputs' to avoid re-running this script phase.\necho \"SUCCESS\" > \"${SCRIPT_OUTPUT_FILE_0}\"\n";
			showEnvVarsInLog = 0;
		};
		ED83F337FC2B72F7C6F6F83D /* [CP] Embed Pods Frameworks */ = {
			isa = PBXShellScriptBuildPhase;
			buildActionMask = 2147483647;
			files = (
			);
			inputFileListPaths = (
			);
			inputPaths = (
				"${PODS_ROOT}/Target Support Files/Pods-I'll Serve Soup/Pods-I'll Serve Soup-frameworks.sh",
				"${BUILT_PRODUCTS_DIR}/SwiftKeychainWrapper/SwiftKeychainWrapper.framework",
			);
			name = "[CP] Embed Pods Frameworks";
			outputFileListPaths = (
			);
			outputPaths = (
				"${TARGET_BUILD_DIR}/${FRAMEWORKS_FOLDER_PATH}/SwiftKeychainWrapper.framework",
			);
			runOnlyForDeploymentPostprocessing = 0;
			shellPath = /bin/sh;
			shellScript = "\"${PODS_ROOT}/Target Support Files/Pods-I'll Serve Soup/Pods-I'll Serve Soup-frameworks.sh\"\n";
			showEnvVarsInLog = 0;
		};
/* End PBXShellScriptBuildPhase section */

/* Begin PBXSourcesBuildPhase section */
		77C409502211DBED0003B2DD /* Sources */ = {
			isa = PBXSourcesBuildPhase;
			buildActionMask = 2147483647;
			files = (
				77C4097A2211FDCD0003B2DD /* UserController.swift in Sources */,
				77C4096C2211DE6C0003B2DD /* SignUpViewController.swift in Sources */,
				77C409702211DE930003B2DD /* AccountViewController.swift in Sources */,
				77C4096E2211DE820003B2DD /* ItemViewController.swift in Sources */,
				77C409722211DEAC0003B2DD /* InventoryCollectionViewController.swift in Sources */,
				77C409772211FD050003B2DD /* Item.swift in Sources */,
				77C4096A2211DE5E0003B2DD /* LoginViewController.swift in Sources */,
				77C409582211DBED0003B2DD /* AppDelegate.swift in Sources */,
				77C4097C2211FDEA0003B2DD /* ItemController.swift in Sources */,
				77C409752211FC530003B2DD /* User.swift in Sources */,
			);
			runOnlyForDeploymentPostprocessing = 0;
		};
/* End PBXSourcesBuildPhase section */

/* Begin PBXVariantGroup section */
		77C4095B2211DBED0003B2DD /* Main.storyboard */ = {
			isa = PBXVariantGroup;
			children = (
				77C4095C2211DBED0003B2DD /* Base */,
			);
			name = Main.storyboard;
			sourceTree = "<group>";
		};
		77C409602211DBEE0003B2DD /* LaunchScreen.storyboard */ = {
			isa = PBXVariantGroup;
			children = (
				77C409612211DBEE0003B2DD /* Base */,
			);
			name = LaunchScreen.storyboard;
			sourceTree = "<group>";
		};
/* End PBXVariantGroup section */

/* Begin XCBuildConfiguration section */
		77C409642211DBEE0003B2DD /* Debug */ = {
			isa = XCBuildConfiguration;
			buildSettings = {
				ALWAYS_SEARCH_USER_PATHS = NO;
				CLANG_ANALYZER_NONNULL = YES;
				CLANG_ANALYZER_NUMBER_OBJECT_CONVERSION = YES_AGGRESSIVE;
				CLANG_CXX_LANGUAGE_STANDARD = "gnu++14";
				CLANG_CXX_LIBRARY = "libc++";
				CLANG_ENABLE_MODULES = YES;
				CLANG_ENABLE_OBJC_ARC = YES;
				CLANG_ENABLE_OBJC_WEAK = YES;
				CLANG_WARN_BLOCK_CAPTURE_AUTORELEASING = YES;
				CLANG_WARN_BOOL_CONVERSION = YES;
				CLANG_WARN_COMMA = YES;
				CLANG_WARN_CONSTANT_CONVERSION = YES;
				CLANG_WARN_DEPRECATED_OBJC_IMPLEMENTATIONS = YES;
				CLANG_WARN_DIRECT_OBJC_ISA_USAGE = YES_ERROR;
				CLANG_WARN_DOCUMENTATION_COMMENTS = YES;
				CLANG_WARN_EMPTY_BODY = YES;
				CLANG_WARN_ENUM_CONVERSION = YES;
				CLANG_WARN_INFINITE_RECURSION = YES;
				CLANG_WARN_INT_CONVERSION = YES;
				CLANG_WARN_NON_LITERAL_NULL_CONVERSION = YES;
				CLANG_WARN_OBJC_IMPLICIT_RETAIN_SELF = YES;
				CLANG_WARN_OBJC_LITERAL_CONVERSION = YES;
				CLANG_WARN_OBJC_ROOT_CLASS = YES_ERROR;
				CLANG_WARN_RANGE_LOOP_ANALYSIS = YES;
				CLANG_WARN_STRICT_PROTOTYPES = YES;
				CLANG_WARN_SUSPICIOUS_MOVE = YES;
				CLANG_WARN_UNGUARDED_AVAILABILITY = YES_AGGRESSIVE;
				CLANG_WARN_UNREACHABLE_CODE = YES;
				CLANG_WARN__DUPLICATE_METHOD_MATCH = YES;
				CODE_SIGN_IDENTITY = "iPhone Developer";
				COPY_PHASE_STRIP = NO;
				DEBUG_INFORMATION_FORMAT = dwarf;
				ENABLE_STRICT_OBJC_MSGSEND = YES;
				ENABLE_TESTABILITY = YES;
				GCC_C_LANGUAGE_STANDARD = gnu11;
				GCC_DYNAMIC_NO_PIC = NO;
				GCC_NO_COMMON_BLOCKS = YES;
				GCC_OPTIMIZATION_LEVEL = 0;
				GCC_PREPROCESSOR_DEFINITIONS = (
					"DEBUG=1",
					"$(inherited)",
				);
				GCC_WARN_64_TO_32_BIT_CONVERSION = YES;
				GCC_WARN_ABOUT_RETURN_TYPE = YES_ERROR;
				GCC_WARN_UNDECLARED_SELECTOR = YES;
				GCC_WARN_UNINITIALIZED_AUTOS = YES_AGGRESSIVE;
				GCC_WARN_UNUSED_FUNCTION = YES;
				GCC_WARN_UNUSED_VARIABLE = YES;
				IPHONEOS_DEPLOYMENT_TARGET = 12.1;
				MTL_ENABLE_DEBUG_INFO = INCLUDE_SOURCE;
				MTL_FAST_MATH = YES;
				ONLY_ACTIVE_ARCH = YES;
				SDKROOT = iphoneos;
				SWIFT_ACTIVE_COMPILATION_CONDITIONS = DEBUG;
				SWIFT_OPTIMIZATION_LEVEL = "-Onone";
			};
			name = Debug;
		};
		77C409652211DBEE0003B2DD /* Release */ = {
			isa = XCBuildConfiguration;
			buildSettings = {
				ALWAYS_SEARCH_USER_PATHS = NO;
				CLANG_ANALYZER_NONNULL = YES;
				CLANG_ANALYZER_NUMBER_OBJECT_CONVERSION = YES_AGGRESSIVE;
				CLANG_CXX_LANGUAGE_STANDARD = "gnu++14";
				CLANG_CXX_LIBRARY = "libc++";
				CLANG_ENABLE_MODULES = YES;
				CLANG_ENABLE_OBJC_ARC = YES;
				CLANG_ENABLE_OBJC_WEAK = YES;
				CLANG_WARN_BLOCK_CAPTURE_AUTORELEASING = YES;
				CLANG_WARN_BOOL_CONVERSION = YES;
				CLANG_WARN_COMMA = YES;
				CLANG_WARN_CONSTANT_CONVERSION = YES;
				CLANG_WARN_DEPRECATED_OBJC_IMPLEMENTATIONS = YES;
				CLANG_WARN_DIRECT_OBJC_ISA_USAGE = YES_ERROR;
				CLANG_WARN_DOCUMENTATION_COMMENTS = YES;
				CLANG_WARN_EMPTY_BODY = YES;
				CLANG_WARN_ENUM_CONVERSION = YES;
				CLANG_WARN_INFINITE_RECURSION = YES;
				CLANG_WARN_INT_CONVERSION = YES;
				CLANG_WARN_NON_LITERAL_NULL_CONVERSION = YES;
				CLANG_WARN_OBJC_IMPLICIT_RETAIN_SELF = YES;
				CLANG_WARN_OBJC_LITERAL_CONVERSION = YES;
				CLANG_WARN_OBJC_ROOT_CLASS = YES_ERROR;
				CLANG_WARN_RANGE_LOOP_ANALYSIS = YES;
				CLANG_WARN_STRICT_PROTOTYPES = YES;
				CLANG_WARN_SUSPICIOUS_MOVE = YES;
				CLANG_WARN_UNGUARDED_AVAILABILITY = YES_AGGRESSIVE;
				CLANG_WARN_UNREACHABLE_CODE = YES;
				CLANG_WARN__DUPLICATE_METHOD_MATCH = YES;
				CODE_SIGN_IDENTITY = "iPhone Developer";
				COPY_PHASE_STRIP = NO;
				DEBUG_INFORMATION_FORMAT = "dwarf-with-dsym";
				ENABLE_NS_ASSERTIONS = NO;
				ENABLE_STRICT_OBJC_MSGSEND = YES;
				GCC_C_LANGUAGE_STANDARD = gnu11;
				GCC_NO_COMMON_BLOCKS = YES;
				GCC_WARN_64_TO_32_BIT_CONVERSION = YES;
				GCC_WARN_ABOUT_RETURN_TYPE = YES_ERROR;
				GCC_WARN_UNDECLARED_SELECTOR = YES;
				GCC_WARN_UNINITIALIZED_AUTOS = YES_AGGRESSIVE;
				GCC_WARN_UNUSED_FUNCTION = YES;
				GCC_WARN_UNUSED_VARIABLE = YES;
				IPHONEOS_DEPLOYMENT_TARGET = 12.1;
				MTL_ENABLE_DEBUG_INFO = NO;
				MTL_FAST_MATH = YES;
				SDKROOT = iphoneos;
				SWIFT_COMPILATION_MODE = wholemodule;
				SWIFT_OPTIMIZATION_LEVEL = "-O";
				VALIDATE_PRODUCT = YES;
			};
			name = Release;
		};
		77C409672211DBEE0003B2DD /* Debug */ = {
			isa = XCBuildConfiguration;
			baseConfigurationReference = 600CC03496C6D697BAAFD391 /* Pods-I'll Serve Soup.debug.xcconfig */;
			buildSettings = {
				ASSETCATALOG_COMPILER_APPICON_NAME = AppIcon;
				CODE_SIGN_STYLE = Automatic;
				DEVELOPMENT_TEAM = HBKK7B5HAP;
				INFOPLIST_FILE = "I'll Serve Soup/Info.plist";
				LD_RUNPATH_SEARCH_PATHS = (
					"$(inherited)",
					"@executable_path/Frameworks",
				);
				PRODUCT_BUNDLE_IDENTIFIER = "com.nateyoungren.I-ll-Serve-Soup";
				PRODUCT_NAME = "$(TARGET_NAME)";
				SWIFT_VERSION = 4.2;
				TARGETED_DEVICE_FAMILY = "1,2";
			};
			name = Debug;
		};
		77C409682211DBEE0003B2DD /* Release */ = {
			isa = XCBuildConfiguration;
			baseConfigurationReference = 03DFC8E90ABF9157DE7DE22D /* Pods-I'll Serve Soup.release.xcconfig */;
			buildSettings = {
				ASSETCATALOG_COMPILER_APPICON_NAME = AppIcon;
				CODE_SIGN_STYLE = Automatic;
				DEVELOPMENT_TEAM = HBKK7B5HAP;
				INFOPLIST_FILE = "I'll Serve Soup/Info.plist";
				LD_RUNPATH_SEARCH_PATHS = (
					"$(inherited)",
					"@executable_path/Frameworks",
				);
				PRODUCT_BUNDLE_IDENTIFIER = "com.nateyoungren.I-ll-Serve-Soup";
				PRODUCT_NAME = "$(TARGET_NAME)";
				SWIFT_VERSION = 4.2;
				TARGETED_DEVICE_FAMILY = "1,2";
			};
			name = Release;
		};
/* End XCBuildConfiguration section */

/* Begin XCConfigurationList section */
		77C4094F2211DBED0003B2DD /* Build configuration list for PBXProject "I'll Serve Soup" */ = {
			isa = XCConfigurationList;
			buildConfigurations = (
				77C409642211DBEE0003B2DD /* Debug */,
				77C409652211DBEE0003B2DD /* Release */,
			);
			defaultConfigurationIsVisible = 0;
			defaultConfigurationName = Release;
		};
		77C409662211DBEE0003B2DD /* Build configuration list for PBXNativeTarget "I'll Serve Soup" */ = {
			isa = XCConfigurationList;
			buildConfigurations = (
				77C409672211DBEE0003B2DD /* Debug */,
				77C409682211DBEE0003B2DD /* Release */,
			);
			defaultConfigurationIsVisible = 0;
			defaultConfigurationName = Release;
		};
/* End XCConfigurationList section */
	};
	rootObject = 77C4094C2211DBED0003B2DD /* Project object */;
}
